<?xml version="1.0" encoding="utf-8"?>
<Project ToolsVersion="4.0" xmlns="http://schemas.microsoft.com/developer/msbuild/2003">
  <ItemGroup>
    <FxCompile Include="Shaders\Light.hlsl">
      <Filter>HLSL</Filter>
    </FxCompile>
    <FxCompile Include="Shaders\Light.hlsl">
      <Filter>HLSL</Filter>
    </FxCompile>
    <FxCompile Include="Shaders\SceneTH.hlsl">
      <Filter>HLSL</Filter>
    </FxCompile>
    <FxCompile Include="Shaders\TitleScene.hlsl">
      <Filter>HLSL</Filter>
    </FxCompile>
    <FxCompile Include="Shaders\ShaderYJ.hlsl">
      <Filter>HLSL</Filter>
    </FxCompile>
    <FxCompile Include="Shaders\Shaders.hlsl">
      <Filter>HLSL</Filter>
    </FxCompile>
    <FxCompile Include="Shaders\ShaderJH.hlsl">
      <Filter>HLSL</Filter>
    </FxCompile>
  </ItemGroup>
  <ItemGroup>
    <ClCompile Include="DDSTextureLoader12.cpp">
      <Filter>d3d</Filter>
    </ClCompile>
    <ClCompile Include="GameFramework.cpp">
      <Filter>GameFramework</Filter>
    </ClCompile>
    <ClCompile Include="GameObject.cpp">
      <Filter>GameObject</Filter>
    </ClCompile>
    <ClCompile Include="GameScene.cpp">
      <Filter>Scene</Filter>
    </ClCompile>
    <ClCompile Include="Sound.cpp">
      <Filter>Sound</Filter>
    </ClCompile>
    <ClCompile Include="Scene.cpp">
      <Filter>Scene</Filter>
    </ClCompile>
    <ClCompile Include="WICTextureLoader12.cpp">
      <Filter>d3d</Filter>
    </ClCompile>
    <ClCompile Include="TitleScene.cpp">
      <Filter>Scene</Filter>
    </ClCompile>
    <ClCompile Include="Camera.cpp">
      <Filter>Camera</Filter>
    </ClCompile>
    <ClCompile Include="GameTimer.cpp">
      <Filter>Timer</Filter>
    </ClCompile>
    <ClCompile Include="InputHandler.cpp">
      <Filter>Handler</Filter>
    </ClCompile>
    <ClCompile Include="Mesh.cpp">
      <Filter>GameObject\Mesh</Filter>
    </ClCompile>
    <ClCompile Include="SceneJH.cpp">
      <Filter>Scene</Filter>
    </ClCompile>
    <ClCompile Include="State.cpp">
      <Filter>State</Filter>
    </ClCompile>
    <ClCompile Include="StateMachine.cpp">
      <Filter>State</Filter>
    </ClCompile>
    <ClCompile Include="Main.cpp">
      <Filter>Main</Filter>
    </ClCompile>
    <ClCompile Include="stdafx.cpp">
      <Filter>Main\stdafx</Filter>
    </ClCompile>
    <ClCompile Include="Material.cpp">
      <Filter>GameObject\Material</Filter>
    </ClCompile>
    <ClCompile Include="Texture.cpp">
      <Filter>GameObject\Texture</Filter>
    </ClCompile>
    <ClCompile Include="Shader.cpp">
      <Filter>GameObject\Shader</Filter>
    </ClCompile>
    <ClCompile Include="SceneTH.cpp">
      <Filter>Scene</Filter>
    </ClCompile>
    <ClCompile Include="UI.cpp">
      <Filter>GameObject\UI</Filter>
    </ClCompile>
    <ClCompile Include="Player.cpp">
      <Filter>GameObject\Player</Filter>
    </ClCompile>
    <ClCompile Include="Enemy.cpp">
      <Filter>GameObject\Enemy</Filter>
    </ClCompile>
    <ClCompile Include="EnemyState.cpp">
      <Filter>State</Filter>
    </ClCompile>
    <ClCompile Include="FbxSceneContext.cpp">
      <Filter>FBXLoader</Filter>
    </ClCompile>
    <ClCompile Include="FBXLoader.cpp">
      <Filter>FBXLoader</Filter>
    </ClCompile>
    <ClCompile Include="Bridge.cpp">
      <Filter>GameObject\MapObjects</Filter>
    </ClCompile>
    <ClCompile Include="Wall.cpp">
      <Filter>GameObject</Filter>
    </ClCompile>
    <ClCompile Include="Communicates.cpp">
      <Filter>Communicate</Filter>
    </ClCompile>
    <ClCompile Include="SceneYJ.cpp">
      <Filter>Scene</Filter>
    </ClCompile>
  </ItemGroup>
  <ItemGroup>
    <ClInclude Include="d3dx12.h">
      <Filter>d3d</Filter>
    </ClInclude>
    <ClInclude Include="DDSTextureLoader12.h">
      <Filter>d3d</Filter>
    </ClInclude>
    <ClInclude Include="GameFramework.h">
      <Filter>GameFramework</Filter>
    </ClInclude>
    <ClInclude Include="GameObject.h">
      <Filter>GameObject</Filter>
    </ClInclude>
    <ClInclude Include="GameScene.h">
      <Filter>Scene</Filter>
    </ClInclude>
    <ClInclude Include="Sound.h">
      <Filter>Sound</Filter>
    </ClInclude>
    <ClInclude Include="Scene.h">
      <Filter>Scene</Filter>
    </ClInclude>
    <ClInclude Include="WICTextureLoader12.h">
      <Filter>d3d</Filter>
    </ClInclude>
    <ClInclude Include="targetver.h">
      <Filter>d3d</Filter>
    </ClInclude>
    <ClInclude Include="TitleScene.h">
      <Filter>Scene</Filter>
    </ClInclude>
    <ClInclude Include="Camera.h">
      <Filter>Camera</Filter>
    </ClInclude>
    <ClInclude Include="GameTimer.h">
      <Filter>Timer</Filter>
    </ClInclude>
    <ClInclude Include="InputHandler.h">
      <Filter>Handler</Filter>
    </ClInclude>
    <ClInclude Include="Mesh.h">
      <Filter>GameObject\Mesh</Filter>
    </ClInclude>
    <ClInclude Include="SceneJH.h">
      <Filter>Scene</Filter>
    </ClInclude>
    <ClInclude Include="State.h">
      <Filter>State</Filter>
    </ClInclude>
    <ClInclude Include="StateMachine.h">
      <Filter>State</Filter>
    </ClInclude>
    <ClInclude Include="Main.h">
      <Filter>Main</Filter>
    </ClInclude>
    <ClInclude Include="Defines.h">
      <Filter>Main</Filter>
    </ClInclude>
    <ClInclude Include="Resource.h">
      <Filter>Main\Resources</Filter>
    </ClInclude>
    <ClInclude Include="stdafx.h">
      <Filter>Main\stdafx</Filter>
    </ClInclude>
    <ClInclude Include="Material.h">
      <Filter>GameObject\Material</Filter>
    </ClInclude>
    <ClInclude Include="Texture.h">
      <Filter>GameObject\Texture</Filter>
    </ClInclude>
    <ClInclude Include="Shader.h">
      <Filter>GameObject\Shader</Filter>
    </ClInclude>
    <ClInclude Include="SceneTH.h">
      <Filter>Scene</Filter>
    </ClInclude>
    <ClInclude Include="UI.h">
      <Filter>GameObject\UI</Filter>
    </ClInclude>
    <ClInclude Include="Player.h">
      <Filter>GameObject\Player</Filter>
    </ClInclude>
    <ClInclude Include="Enemy.h">
      <Filter>GameObject\Enemy</Filter>
    </ClInclude>
    <ClInclude Include="EnemyState.h">
      <Filter>State</Filter>
    </ClInclude>
    <ClInclude Include="FbxSceneContext.h">
      <Filter>FBXLoader</Filter>
    </ClInclude>
    <ClInclude Include="FBXLoader.h">
      <Filter>FBXLoader</Filter>
    </ClInclude>
    <ClInclude Include="Light.h">
      <Filter>Light</Filter>
    </ClInclude>
    <ClInclude Include="Bridge.h">
      <Filter>GameObject\MapObjects</Filter>
    </ClInclude>
    <ClInclude Include="Wall.h">
      <Filter>GameObject</Filter>
    </ClInclude>
    <ClInclude Include="Font.h" />
    <ClInclude Include="FrameResource.h" />
    <ClInclude Include="Communicates.h">
      <Filter>Communicate</Filter>
    </ClInclude>
    <ClInclude Include="SceneYJ.h">
      <Filter>Scene</Filter>
    </ClInclude>
  </ItemGroup>
  <ItemGroup>
    <Image Include="GiantSlayer.ico">
      <Filter>Main\Resources</Filter>
    </Image>
    <Image Include="GSClient.ico">
      <Filter>Main\Resources</Filter>
    </Image>
    <Image Include="small.ico">
      <Filter>Main\Resources</Filter>
    </Image>
  </ItemGroup>
  <ItemGroup>
    <Filter Include="d3d">
      <UniqueIdentifier>{3333b4fd-10b4-48f6-9cf3-33ea0c572407}</UniqueIdentifier>
    </Filter>
    <Filter Include="GameFramework">
      <UniqueIdentifier>{44b2321e-c7f5-4498-a7a8-2201e96f1df7}</UniqueIdentifier>
    </Filter>
    <Filter Include="GameObject">
      <UniqueIdentifier>{2f01299f-2fcf-4760-acff-98907f7b22c6}</UniqueIdentifier>
    </Filter>
    <Filter Include="Sound">
      <UniqueIdentifier>{27fdaea7-eecb-40ed-a1e2-222ae1cdc555}</UniqueIdentifier>
    </Filter>
    <Filter Include="Camera">
      <UniqueIdentifier>{35f4ba56-432a-4c1f-989b-3c79de5e9416}</UniqueIdentifier>
    </Filter>
    <Filter Include="Timer">
      <UniqueIdentifier>{f561f353-3e29-4747-abdc-1eea38cf6987}</UniqueIdentifier>
    </Filter>
    <Filter Include="Handler">
      <UniqueIdentifier>{fe40e7a2-e7b9-4ae9-9d95-de4214e92b0e}</UniqueIdentifier>
    </Filter>
    <Filter Include="Main">
      <UniqueIdentifier>{303e1e2f-5a51-4d5c-8d4e-88cec2d96c05}</UniqueIdentifier>
    </Filter>
    <Filter Include="GameObject\Mesh">
      <UniqueIdentifier>{bd48eed7-ce34-411c-a356-d5a13f0e4a3f}</UniqueIdentifier>
    </Filter>
    <Filter Include="HLSL">
      <UniqueIdentifier>{32e8318b-e8f6-4bf9-8127-b27799480662}</UniqueIdentifier>
    </Filter>
    <Filter Include="Scene">
      <UniqueIdentifier>{a683e20d-9e51-4d00-aa74-4a19948e0cba}</UniqueIdentifier>
    </Filter>
    <Filter Include="State">
      <UniqueIdentifier>{a79a7ffd-399d-4749-8734-1980ff1dbf8e}</UniqueIdentifier>
    </Filter>
    <Filter Include="Main\Resources">
      <UniqueIdentifier>{724f5d96-941a-497b-bccb-815c95fbbbb3}</UniqueIdentifier>
    </Filter>
    <Filter Include="Main\stdafx">
      <UniqueIdentifier>{1dceb5fc-e1ff-4602-8a50-8840502153ab}</UniqueIdentifier>
    </Filter>
    <Filter Include="GameObject\Material">
      <UniqueIdentifier>{0d0bbb18-87da-47a3-b220-7624656af5df}</UniqueIdentifier>
    </Filter>
    <Filter Include="GameObject\Texture">
      <UniqueIdentifier>{2246ee66-e90c-4029-a56a-fb1013378e75}</UniqueIdentifier>
    </Filter>
    <Filter Include="GameObject\Shader">
      <UniqueIdentifier>{04f39449-42c1-42ab-bb97-94aa7f89a159}</UniqueIdentifier>
    </Filter>
    <Filter Include="GameObject\UI">
      <UniqueIdentifier>{957b4eb7-391b-4bc8-9c0d-74a018cb3ce4}</UniqueIdentifier>
    </Filter>
    <Filter Include="GameObject\Player">
      <UniqueIdentifier>{5e448174-df10-42b2-b84c-e96412b22c3c}</UniqueIdentifier>
    </Filter>
    <Filter Include="GameObject\Enemy">
      <UniqueIdentifier>{947bf519-a036-4da5-b861-4d8bf7ea6137}</UniqueIdentifier>
    </Filter>
    <Filter Include="FBXLoader">
      <UniqueIdentifier>{2a81f814-64ba-44ff-b6d7-50b1454fafe0}</UniqueIdentifier>
    </Filter>
    <Filter Include="Light">
      <UniqueIdentifier>{76bf6ead-7ce3-40d6-9316-71c6d9f7879e}</UniqueIdentifier>
    </Filter>
    <Filter Include="GameObject\MapObjects">
      <UniqueIdentifier>{38ed0ea0-17b1-400c-8353-3f568979694b}</UniqueIdentifier>
    </Filter>
    <Filter Include="Communicate">
      <UniqueIdentifier>{14b67835-0384-4268-979f-06d1d744c3b1}</UniqueIdentifier>
    </Filter>
  </ItemGroup>
  <ItemGroup>
    <ResourceCompile Include="GSClient.rc">
      <Filter>Main\Resources</Filter>
    </ResourceCompile>
    <ResourceCompile Include="GSClient.rc">
      <Filter>Main\Resources</Filter>
    </ResourceCompile>
  </ItemGroup>
</Project>