<?xml version="1.0" encoding="utf-8"?>
<Project ToolsVersion="4.0" xmlns="http://schemas.microsoft.com/developer/msbuild/2003">
  <ItemGroup>
    <Filter Include="Main">
      <UniqueIdentifier>{6a9a1100-f091-49ad-80c8-cc4965a84824}</UniqueIdentifier>
    </Filter>
    <Filter Include="Main\stdafx">
      <UniqueIdentifier>{f4fb979e-986f-4560-823a-638581183c50}</UniqueIdentifier>
    </Filter>
    <Filter Include="Main\리소스 파일">
      <UniqueIdentifier>{67DA6AB6-F800-4c08-8B7A-83BB121AAD01}</UniqueIdentifier>
      <Extensions>rc;ico;cur;bmp;dlg;rc2;rct;bin;rgs;gif;jpg;jpeg;jpe;resx;tiff;tif;png;wav;mfcribbon-ms</Extensions>
    </Filter>
    <Filter Include="GameObject">
      <UniqueIdentifier>{c4f8232c-c33e-47a7-b713-1e933d1acd89}</UniqueIdentifier>
    </Filter>
    <Filter Include="Communicates">
      <UniqueIdentifier>{c273b405-d727-4f74-abd2-790fc253807d}</UniqueIdentifier>
    </Filter>
    <Filter Include="Communicates\GameSceneProcessor">
      <UniqueIdentifier>{d55e1382-2bbc-431f-999d-82fc98f38beb}</UniqueIdentifier>
    </Filter>
  </ItemGroup>
  <ItemGroup>
    <ClCompile Include="PacketProcessor.cpp">
      <Filter>Communicates\GameSceneProcessor</Filter>
    </ClCompile>
    <ClCompile Include="main.cpp">
      <Filter>Main</Filter>
    </ClCompile>
    <ClCompile Include="stdafx.cpp">
      <Filter>Main\stdafx</Filter>
    </ClCompile>
    <ClCompile Include="GameObject.cpp">
      <Filter>GameObject</Filter>
    </ClCompile>
    <ClCompile Include="Communicates.cpp">
      <Filter>Communicates</Filter>
    </ClCompile>
    <ClCompile Include="Player.cpp">
      <Filter>GameObject</Filter>
    </ClCompile>
  </ItemGroup>
  <ItemGroup>
    <ClInclude Include="PacketProcessor.h">
      <Filter>Communicates\GameSceneProcessor</Filter>
    </ClInclude>
    <ClInclude Include="stdafx.h">
      <Filter>Main\stdafx</Filter>
    </ClInclude>
    <ClInclude Include="GameObject.h">
      <Filter>GameObject</Filter>
    </ClInclude>
    <ClInclude Include="Communicates.h">
      <Filter>Communicates</Filter>
    </ClInclude>
    <ClInclude Include="Player.h">
      <Filter>GameObject</Filter>
    </ClInclude>
    <ClInclude Include="protocol.h" />
  </ItemGroup>
</Project>